PODS:
  - RxSwift (5.1.0)
  - Swinject (2.7.1)

DEPENDENCIES:
  - RxSwift
  - Swinject

SPEC REPOS:
  trunk:
    - RxSwift
    - Swinject

SPEC CHECKSUMS:
  RxSwift: ad5874f24bb0dbffd1e9bb8443604e3578796c7a
  Swinject: ddf78b8486dd9b71a667b852cad919ab4484478e

PODFILE CHECKSUM: 7b6cf51d2e50d68316dc1b02275a29fcdb8a43ab

COCOAPODS: 1.8.4
