// !$*UTF8*$!
{
	archiveVersion = 1;
	classes = {
	};
	objectVersion = 51;
	objects = {

/* Begin PBXBuildFile section */
		621FD877A854A439B9D6827D /* Pods_SimpleTimer_SwiftUI.framework in Frameworks */ = {isa = PBXBuildFile; fileRef = CD340C422A0EDDBB83C2B6BF /* Pods_SimpleTimer_SwiftUI.framework */; };
		91F06D220A34F4DCC8E96130 /* Pods_SimpleTimer_SwiftUITests.framework in Frameworks */ = {isa = PBXBuildFile; fileRef = C37B8D5E78FE29E79E7C2FF6 /* Pods_SimpleTimer_SwiftUITests.framework */; };
		A615C12E242AC5F400CD1228 /* SetTimeViewModel.swift in Sources */ = {isa = PBXBuildFile; fileRef = A615C12D242AC5F400CD1228 /* SetTimeViewModel.swift */; };
		A615C130242AC76A00CD1228 /* ContainerBuilder.swift in Sources */ = {isa = PBXBuildFile; fileRef = A615C12F242AC76A00CD1228 /* ContainerBuilder.swift */; };
		A6249AD12426ADBE00480D69 /* AppDelegate.swift in Sources */ = {isa = PBXBuildFile; fileRef = A6249AD02426ADBE00480D69 /* AppDelegate.swift */; };
		A6249AD32426ADBE00480D69 /* SceneDelegate.swift in Sources */ = {isa = PBXBuildFile; fileRef = A6249AD22426ADBE00480D69 /* SceneDelegate.swift */; };
		A6249AD52426ADBE00480D69 /* TimerView.swift in Sources */ = {isa = PBXBuildFile; fileRef = A6249AD42426ADBE00480D69 /* TimerView.swift */; };
		A6249AD72426ADC000480D69 /* Assets.xcassets in Resources */ = {isa = PBXBuildFile; fileRef = A6249AD62426ADC000480D69 /* Assets.xcassets */; };
		A6249ADA2426ADC000480D69 /* Preview Assets.xcassets in Resources */ = {isa = PBXBuildFile; fileRef = A6249AD92426ADC000480D69 /* Preview Assets.xcassets */; };
		A6249ADD2426ADC000480D69 /* LaunchScreen.storyboard in Resources */ = {isa = PBXBuildFile; fileRef = A6249ADB2426ADC000480D69 /* LaunchScreen.storyboard */; };
		A6249AE82426ADC000480D69 /* SimpleTimer_SwiftUITests.swift in Sources */ = {isa = PBXBuildFile; fileRef = A6249AE72426ADC000480D69 /* SimpleTimer_SwiftUITests.swift */; };
		A6249AF32426ADC000480D69 /* SimpleTimer_SwiftUIUITests.swift in Sources */ = {isa = PBXBuildFile; fileRef = A6249AF22426ADC000480D69 /* SimpleTimer_SwiftUIUITests.swift */; };
		A63AD184242C1CA000B8A3DD /* TimerRepository.swift in Sources */ = {isa = PBXBuildFile; fileRef = A63AD183242C1CA000B8A3DD /* TimerRepository.swift */; };
		A668DBB1242C1A61006942CC /* TimerInteractor.swift in Sources */ = {isa = PBXBuildFile; fileRef = A668DBB0242C1A61006942CC /* TimerInteractor.swift */; };
		A6E8CC41242826C10068D6F4 /* Multipicker.swift in Sources */ = {isa = PBXBuildFile; fileRef = A6E8CC40242826C10068D6F4 /* Multipicker.swift */; };
		A6F2D1762426BE5100DAE219 /* TimerViewModel.swift in Sources */ = {isa = PBXBuildFile; fileRef = A6F2D1752426BE5100DAE219 /* TimerViewModel.swift */; };
		A6F2D1782426C7B300DAE219 /* TimerPresenter.swift in Sources */ = {isa = PBXBuildFile; fileRef = A6F2D1772426C7B300DAE219 /* TimerPresenter.swift */; };
		A6F2D17D2426D5F300DAE219 /* TimerText.swift in Sources */ = {isa = PBXBuildFile; fileRef = A6F2D17C2426D5F300DAE219 /* TimerText.swift */; };
		A6F2D17F2426D60200DAE219 /* ColumnText.swift in Sources */ = {isa = PBXBuildFile; fileRef = A6F2D17E2426D60200DAE219 /* ColumnText.swift */; };
		A6F2D1822426D84500DAE219 /* SetTimeView.swift in Sources */ = {isa = PBXBuildFile; fileRef = A6F2D1812426D84500DAE219 /* SetTimeView.swift */; };
		BF3EF5E8B46E70E00FE13BE0 /* Pods_SimpleTimer_SwiftUI_SimpleTimer_SwiftUIUITests.framework in Frameworks */ = {isa = PBXBuildFile; fileRef = C70C1C79ADB1DEC8F2D55337 /* Pods_SimpleTimer_SwiftUI_SimpleTimer_SwiftUIUITests.framework */; };
/* End PBXBuildFile section */

/* Begin PBXContainerItemProxy section */
		A6249AE42426ADC000480D69 /* PBXContainerItemProxy */ = {
			isa = PBXContainerItemProxy;
			containerPortal = A6249AC52426ADBE00480D69 /* Project object */;
			proxyType = 1;
			remoteGlobalIDString = A6249ACC2426ADBE00480D69;
			remoteInfo = "SimpleTimer-SwiftUI";
		};
		A6249AEF2426ADC000480D69 /* PBXContainerItemProxy */ = {
			isa = PBXContainerItemProxy;
			containerPortal = A6249AC52426ADBE00480D69 /* Project object */;
			proxyType = 1;
			remoteGlobalIDString = A6249ACC2426ADBE00480D69;
			remoteInfo = "SimpleTimer-SwiftUI";
		};
/* End PBXContainerItemProxy section */

/* Begin PBXFileReference section */
		115F68D91B9B1B540405CCB3 /* Pods-SimpleTimer-SwiftUITests.debug.xcconfig */ = {isa = PBXFileReference; includeInIndex = 1; lastKnownFileType = text.xcconfig; name = "Pods-SimpleTimer-SwiftUITests.debug.xcconfig"; path = "Target Support Files/Pods-SimpleTimer-SwiftUITests/Pods-SimpleTimer-SwiftUITests.debug.xcconfig"; sourceTree = "<group>"; };
		126531C75768656711AEBB0E /* Pods-SimpleTimer-SwiftUI.debug.xcconfig */ = {isa = PBXFileReference; includeInIndex = 1; lastKnownFileType = text.xcconfig; name = "Pods-SimpleTimer-SwiftUI.debug.xcconfig"; path = "Target Support Files/Pods-SimpleTimer-SwiftUI/Pods-SimpleTimer-SwiftUI.debug.xcconfig"; sourceTree = "<group>"; };
		572DDEA25D21E9F5E1E503D9 /* Pods-SimpleTimer-SwiftUI-SimpleTimer-SwiftUIUITests.release.xcconfig */ = {isa = PBXFileReference; includeInIndex = 1; lastKnownFileType = text.xcconfig; name = "Pods-SimpleTimer-SwiftUI-SimpleTimer-SwiftUIUITests.release.xcconfig"; path = "Target Support Files/Pods-SimpleTimer-SwiftUI-SimpleTimer-SwiftUIUITests/Pods-SimpleTimer-SwiftUI-SimpleTimer-SwiftUIUITests.release.xcconfig"; sourceTree = "<group>"; };
		62EBA1296E2D2A0F9D2EA632 /* Pods-SimpleTimer-SwiftUI.release.xcconfig */ = {isa = PBXFileReference; includeInIndex = 1; lastKnownFileType = text.xcconfig; name = "Pods-SimpleTimer-SwiftUI.release.xcconfig"; path = "Target Support Files/Pods-SimpleTimer-SwiftUI/Pods-SimpleTimer-SwiftUI.release.xcconfig"; sourceTree = "<group>"; };
		9FFA35A22B181C75B7460BB1 /* Pods-SimpleTimer-SwiftUITests.release.xcconfig */ = {isa = PBXFileReference; includeInIndex = 1; lastKnownFileType = text.xcconfig; name = "Pods-SimpleTimer-SwiftUITests.release.xcconfig"; path = "Target Support Files/Pods-SimpleTimer-SwiftUITests/Pods-SimpleTimer-SwiftUITests.release.xcconfig"; sourceTree = "<group>"; };
		A0AF228D1BF474EA79A8774F /* Pods-SimpleTimer-SwiftUI-SimpleTimer-SwiftUIUITests.debug.xcconfig */ = {isa = PBXFileReference; includeInIndex = 1; lastKnownFileType = text.xcconfig; name = "Pods-SimpleTimer-SwiftUI-SimpleTimer-SwiftUIUITests.debug.xcconfig"; path = "Target Support Files/Pods-SimpleTimer-SwiftUI-SimpleTimer-SwiftUIUITests/Pods-SimpleTimer-SwiftUI-SimpleTimer-SwiftUIUITests.debug.xcconfig"; sourceTree = "<group>"; };
		A615C12D242AC5F400CD1228 /* SetTimeViewModel.swift */ = {isa = PBXFileReference; lastKnownFileType = sourcecode.swift; path = SetTimeViewModel.swift; sourceTree = "<group>"; };
		A615C12F242AC76A00CD1228 /* ContainerBuilder.swift */ = {isa = PBXFileReference; lastKnownFileType = sourcecode.swift; path = ContainerBuilder.swift; sourceTree = "<group>"; };
		A6249ACD2426ADBE00480D69 /* SimpleTimer-SwiftUI.app */ = {isa = PBXFileReference; explicitFileType = wrapper.application; includeInIndex = 0; path = "SimpleTimer-SwiftUI.app"; sourceTree = BUILT_PRODUCTS_DIR; };
		A6249AD02426ADBE00480D69 /* AppDelegate.swift */ = {isa = PBXFileReference; lastKnownFileType = sourcecode.swift; path = AppDelegate.swift; sourceTree = "<group>"; };
		A6249AD22426ADBE00480D69 /* SceneDelegate.swift */ = {isa = PBXFileReference; lastKnownFileType = sourcecode.swift; path = SceneDelegate.swift; sourceTree = "<group>"; };
		A6249AD42426ADBE00480D69 /* TimerView.swift */ = {isa = PBXFileReference; lastKnownFileType = sourcecode.swift; path = TimerView.swift; sourceTree = "<group>"; };
		A6249AD62426ADC000480D69 /* Assets.xcassets */ = {isa = PBXFileReference; lastKnownFileType = folder.assetcatalog; path = Assets.xcassets; sourceTree = "<group>"; };
		A6249AD92426ADC000480D69 /* Preview Assets.xcassets */ = {isa = PBXFileReference; lastKnownFileType = folder.assetcatalog; path = "Preview Assets.xcassets"; sourceTree = "<group>"; };
		A6249ADC2426ADC000480D69 /* Base */ = {isa = PBXFileReference; lastKnownFileType = file.storyboard; name = Base; path = Base.lproj/LaunchScreen.storyboard; sourceTree = "<group>"; };
		A6249ADE2426ADC000480D69 /* Info.plist */ = {isa = PBXFileReference; lastKnownFileType = text.plist.xml; path = Info.plist; sourceTree = "<group>"; };
		A6249AE32426ADC000480D69 /* SimpleTimer-SwiftUITests.xctest */ = {isa = PBXFileReference; explicitFileType = wrapper.cfbundle; includeInIndex = 0; path = "SimpleTimer-SwiftUITests.xctest"; sourceTree = BUILT_PRODUCTS_DIR; };
		A6249AE72426ADC000480D69 /* SimpleTimer_SwiftUITests.swift */ = {isa = PBXFileReference; lastKnownFileType = sourcecode.swift; path = SimpleTimer_SwiftUITests.swift; sourceTree = "<group>"; };
		A6249AE92426ADC000480D69 /* Info.plist */ = {isa = PBXFileReference; lastKnownFileType = text.plist.xml; path = Info.plist; sourceTree = "<group>"; };
		A6249AEE2426ADC000480D69 /* SimpleTimer-SwiftUIUITests.xctest */ = {isa = PBXFileReference; explicitFileType = wrapper.cfbundle; includeInIndex = 0; path = "SimpleTimer-SwiftUIUITests.xctest"; sourceTree = BUILT_PRODUCTS_DIR; };
		A6249AF22426ADC000480D69 /* SimpleTimer_SwiftUIUITests.swift */ = {isa = PBXFileReference; lastKnownFileType = sourcecode.swift; path = SimpleTimer_SwiftUIUITests.swift; sourceTree = "<group>"; };
		A6249AF42426ADC000480D69 /* Info.plist */ = {isa = PBXFileReference; lastKnownFileType = text.plist.xml; path = Info.plist; sourceTree = "<group>"; };
		A63AD183242C1CA000B8A3DD /* TimerRepository.swift */ = {isa = PBXFileReference; lastKnownFileType = sourcecode.swift; path = TimerRepository.swift; sourceTree = "<group>"; };
		A668DBB0242C1A61006942CC /* TimerInteractor.swift */ = {isa = PBXFileReference; fileEncoding = 4; lastKnownFileType = sourcecode.swift; path = TimerInteractor.swift; sourceTree = "<group>"; };
		A6E8CC40242826C10068D6F4 /* Multipicker.swift */ = {isa = PBXFileReference; lastKnownFileType = sourcecode.swift; path = Multipicker.swift; sourceTree = "<group>"; };
		A6F2D1752426BE5100DAE219 /* TimerViewModel.swift */ = {isa = PBXFileReference; lastKnownFileType = sourcecode.swift; path = TimerViewModel.swift; sourceTree = "<group>"; };
		A6F2D1772426C7B300DAE219 /* TimerPresenter.swift */ = {isa = PBXFileReference; lastKnownFileType = sourcecode.swift; path = TimerPresenter.swift; sourceTree = "<group>"; };
		A6F2D17C2426D5F300DAE219 /* TimerText.swift */ = {isa = PBXFileReference; lastKnownFileType = sourcecode.swift; path = TimerText.swift; sourceTree = "<group>"; };
		A6F2D17E2426D60200DAE219 /* ColumnText.swift */ = {isa = PBXFileReference; lastKnownFileType = sourcecode.swift; path = ColumnText.swift; sourceTree = "<group>"; };
		A6F2D1812426D84500DAE219 /* SetTimeView.swift */ = {isa = PBXFileReference; lastKnownFileType = sourcecode.swift; path = SetTimeView.swift; sourceTree = "<group>"; };
		C37B8D5E78FE29E79E7C2FF6 /* Pods_SimpleTimer_SwiftUITests.framework */ = {isa = PBXFileReference; explicitFileType = wrapper.framework; includeInIndex = 0; path = Pods_SimpleTimer_SwiftUITests.framework; sourceTree = BUILT_PRODUCTS_DIR; };
		C70C1C79ADB1DEC8F2D55337 /* Pods_SimpleTimer_SwiftUI_SimpleTimer_SwiftUIUITests.framework */ = {isa = PBXFileReference; explicitFileType = wrapper.framework; includeInIndex = 0; path = Pods_SimpleTimer_SwiftUI_SimpleTimer_SwiftUIUITests.framework; sourceTree = BUILT_PRODUCTS_DIR; };
		CD340C422A0EDDBB83C2B6BF /* Pods_SimpleTimer_SwiftUI.framework */ = {isa = PBXFileReference; explicitFileType = wrapper.framework; includeInIndex = 0; path = Pods_SimpleTimer_SwiftUI.framework; sourceTree = BUILT_PRODUCTS_DIR; };
/* End PBXFileReference section */

/* Begin PBXFrameworksBuildPhase section */
		A6249ACA2426ADBE00480D69 /* Frameworks */ = {
			isa = PBXFrameworksBuildPhase;
			buildActionMask = 2147483647;
			files = (
				621FD877A854A439B9D6827D /* Pods_SimpleTimer_SwiftUI.framework in Frameworks */,
			);
			runOnlyForDeploymentPostprocessing = 0;
		};
		A6249AE02426ADC000480D69 /* Frameworks */ = {
			isa = PBXFrameworksBuildPhase;
			buildActionMask = 2147483647;
			files = (
				91F06D220A34F4DCC8E96130 /* Pods_SimpleTimer_SwiftUITests.framework in Frameworks */,
			);
			runOnlyForDeploymentPostprocessing = 0;
		};
		A6249AEB2426ADC000480D69 /* Frameworks */ = {
			isa = PBXFrameworksBuildPhase;
			buildActionMask = 2147483647;
			files = (
				BF3EF5E8B46E70E00FE13BE0 /* Pods_SimpleTimer_SwiftUI_SimpleTimer_SwiftUIUITests.framework in Frameworks */,
			);
			runOnlyForDeploymentPostprocessing = 0;
		};
/* End PBXFrameworksBuildPhase section */

/* Begin PBXGroup section */
		A6249AC42426ADBE00480D69 = {
			isa = PBXGroup;
			children = (
				A6249ACF2426ADBE00480D69 /* SimpleTimer-SwiftUI */,
				A6249AE62426ADC000480D69 /* SimpleTimer-SwiftUITests */,
				A6249AF12426ADC000480D69 /* SimpleTimer-SwiftUIUITests */,
				A6249ACE2426ADBE00480D69 /* Products */,
				B9BB7ADA84F005AF241E9371 /* Pods */,
				D1463BBF01A13C444F58C567 /* Frameworks */,
			);
			sourceTree = "<group>";
		};
		A6249ACE2426ADBE00480D69 /* Products */ = {
			isa = PBXGroup;
			children = (
				A6249ACD2426ADBE00480D69 /* SimpleTimer-SwiftUI.app */,
				A6249AE32426ADC000480D69 /* SimpleTimer-SwiftUITests.xctest */,
				A6249AEE2426ADC000480D69 /* SimpleTimer-SwiftUIUITests.xctest */,
			);
			name = Products;
			sourceTree = "<group>";
		};
		A6249ACF2426ADBE00480D69 /* SimpleTimer-SwiftUI */ = {
			isa = PBXGroup;
			children = (
				A668DBAD242C1970006942CC /* Repositories */,
				A668DBAC242C196B006942CC /* Interactors */,
				A668DBAB242C1960006942CC /* PresentationModules */,
				A6F2D1792426C7CD00DAE219 /* SupportFiles */,
				A615C12F242AC76A00CD1228 /* ContainerBuilder.swift */,
			);
			path = "SimpleTimer-SwiftUI";
			sourceTree = "<group>";
		};
		A6249AD82426ADC000480D69 /* Preview Content */ = {
			isa = PBXGroup;
			children = (
				A6249AD92426ADC000480D69 /* Preview Assets.xcassets */,
			);
			path = "Preview Content";
			sourceTree = "<group>";
		};
		A6249AE62426ADC000480D69 /* SimpleTimer-SwiftUITests */ = {
			isa = PBXGroup;
			children = (
				A6249AE72426ADC000480D69 /* SimpleTimer_SwiftUITests.swift */,
				A6249AE92426ADC000480D69 /* Info.plist */,
			);
			path = "SimpleTimer-SwiftUITests";
			sourceTree = "<group>";
		};
		A6249AF12426ADC000480D69 /* SimpleTimer-SwiftUIUITests */ = {
			isa = PBXGroup;
			children = (
				A6249AF22426ADC000480D69 /* SimpleTimer_SwiftUIUITests.swift */,
				A6249AF42426ADC000480D69 /* Info.plist */,
			);
			path = "SimpleTimer-SwiftUIUITests";
			sourceTree = "<group>";
		};
		A668DBAB242C1960006942CC /* PresentationModules */ = {
			isa = PBXGroup;
			children = (
				A6F2D1802426D83A00DAE219 /* SetTime */,
				A6F2D17A2426D56A00DAE219 /* Timer */,
			);
			path = PresentationModules;
			sourceTree = "<group>";
		};
		A668DBAC242C196B006942CC /* Interactors */ = {
			isa = PBXGroup;
			children = (
				A668DBB0242C1A61006942CC /* TimerInteractor.swift */,
			);
			path = Interactors;
			sourceTree = "<group>";
		};
		A668DBAD242C1970006942CC /* Repositories */ = {
			isa = PBXGroup;
			children = (
				A63AD183242C1CA000B8A3DD /* TimerRepository.swift */,
			);
			path = Repositories;
			sourceTree = "<group>";
		};
		A6E8CC3F242826B10068D6F4 /* Components */ = {
			isa = PBXGroup;
			children = (
				A6E8CC40242826C10068D6F4 /* Multipicker.swift */,
			);
			path = Components;
			sourceTree = "<group>";
		};
		A6F2D1792426C7CD00DAE219 /* SupportFiles */ = {
			isa = PBXGroup;
			children = (
				A6249AD02426ADBE00480D69 /* AppDelegate.swift */,
				A6249AD22426ADBE00480D69 /* SceneDelegate.swift */,
				A6249AD62426ADC000480D69 /* Assets.xcassets */,
				A6249ADB2426ADC000480D69 /* LaunchScreen.storyboard */,
				A6249ADE2426ADC000480D69 /* Info.plist */,
				A6249AD82426ADC000480D69 /* Preview Content */,
			);
			path = SupportFiles;
			sourceTree = "<group>";
		};
		A6F2D17A2426D56A00DAE219 /* Timer */ = {
			isa = PBXGroup;
			children = (
				A6F2D17B2426D5DE00DAE219 /* Components */,
				A6249AD42426ADBE00480D69 /* TimerView.swift */,
				A6F2D1752426BE5100DAE219 /* TimerViewModel.swift */,
				A6F2D1772426C7B300DAE219 /* TimerPresenter.swift */,
			);
			path = Timer;
			sourceTree = "<group>";
		};
		A6F2D17B2426D5DE00DAE219 /* Components */ = {
			isa = PBXGroup;
			children = (
				A6F2D17C2426D5F300DAE219 /* TimerText.swift */,
				A6F2D17E2426D60200DAE219 /* ColumnText.swift */,
			);
			path = Components;
			sourceTree = "<group>";
		};
		A6F2D1802426D83A00DAE219 /* SetTime */ = {
			isa = PBXGroup;
			children = (
				A6E8CC3F242826B10068D6F4 /* Components */,
				A6F2D1812426D84500DAE219 /* SetTimeView.swift */,
				A615C12D242AC5F400CD1228 /* SetTimeViewModel.swift */,
			);
			path = SetTime;
			sourceTree = "<group>";
		};
		B9BB7ADA84F005AF241E9371 /* Pods */ = {
			isa = PBXGroup;
			children = (
				126531C75768656711AEBB0E /* Pods-SimpleTimer-SwiftUI.debug.xcconfig */,
				62EBA1296E2D2A0F9D2EA632 /* Pods-SimpleTimer-SwiftUI.release.xcconfig */,
				A0AF228D1BF474EA79A8774F /* Pods-SimpleTimer-SwiftUI-SimpleTimer-SwiftUIUITests.debug.xcconfig */,
				572DDEA25D21E9F5E1E503D9 /* Pods-SimpleTimer-SwiftUI-SimpleTimer-SwiftUIUITests.release.xcconfig */,
				115F68D91B9B1B540405CCB3 /* Pods-SimpleTimer-SwiftUITests.debug.xcconfig */,
				9FFA35A22B181C75B7460BB1 /* Pods-SimpleTimer-SwiftUITests.release.xcconfig */,
			);
			path = Pods;
			sourceTree = "<group>";
		};
		D1463BBF01A13C444F58C567 /* Frameworks */ = {
			isa = PBXGroup;
			children = (
				CD340C422A0EDDBB83C2B6BF /* Pods_SimpleTimer_SwiftUI.framework */,
				C70C1C79ADB1DEC8F2D55337 /* Pods_SimpleTimer_SwiftUI_SimpleTimer_SwiftUIUITests.framework */,
				C37B8D5E78FE29E79E7C2FF6 /* Pods_SimpleTimer_SwiftUITests.framework */,
			);
			name = Frameworks;
			sourceTree = "<group>";
		};
/* End PBXGroup section */

/* Begin PBXNativeTarget section */
		A6249ACC2426ADBE00480D69 /* SimpleTimer-SwiftUI */ = {
			isa = PBXNativeTarget;
			buildConfigurationList = A6249AF72426ADC000480D69 /* Build configuration list for PBXNativeTarget "SimpleTimer-SwiftUI" */;
			buildPhases = (
				85ED91102AEFC8EDBBEEA4C8 /* [CP] Check Pods Manifest.lock */,
				A6249AC92426ADBE00480D69 /* Sources */,
				A6249ACA2426ADBE00480D69 /* Frameworks */,
				A6249ACB2426ADBE00480D69 /* Resources */,
				01F6BA486CB022CFECB6905A /* [CP] Embed Pods Frameworks */,
			);
			buildRules = (
			);
			dependencies = (
			);
			name = "SimpleTimer-SwiftUI";
			productName = "SimpleTimer-SwiftUI";
			productReference = A6249ACD2426ADBE00480D69 /* SimpleTimer-SwiftUI.app */;
			productType = "com.apple.product-type.application";
		};
		A6249AE22426ADC000480D69 /* SimpleTimer-SwiftUITests */ = {
			isa = PBXNativeTarget;
			buildConfigurationList = A6249AFA2426ADC000480D69 /* Build configuration list for PBXNativeTarget "SimpleTimer-SwiftUITests" */;
			buildPhases = (
				00FCE0E80D45FE80A4B56150 /* [CP] Check Pods Manifest.lock */,
				A6249ADF2426ADC000480D69 /* Sources */,
				A6249AE02426ADC000480D69 /* Frameworks */,
				A6249AE12426ADC000480D69 /* Resources */,
			);
			buildRules = (
			);
			dependencies = (
				A6249AE52426ADC000480D69 /* PBXTargetDependency */,
			);
			name = "SimpleTimer-SwiftUITests";
			productName = "SimpleTimer-SwiftUITests";
			productReference = A6249AE32426ADC000480D69 /* SimpleTimer-SwiftUITests.xctest */;
			productType = "com.apple.product-type.bundle.unit-test";
		};
		A6249AED2426ADC000480D69 /* SimpleTimer-SwiftUIUITests */ = {
			isa = PBXNativeTarget;
			buildConfigurationList = A6249AFD2426ADC000480D69 /* Build configuration list for PBXNativeTarget "SimpleTimer-SwiftUIUITests" */;
			buildPhases = (
				2C7ACBBB176776A40708AE10 /* [CP] Check Pods Manifest.lock */,
				A6249AEA2426ADC000480D69 /* Sources */,
				A6249AEB2426ADC000480D69 /* Frameworks */,
				A6249AEC2426ADC000480D69 /* Resources */,
				D151C1841E0405F60E55F1FC /* [CP] Embed Pods Frameworks */,
			);
			buildRules = (
			);
			dependencies = (
				A6249AF02426ADC000480D69 /* PBXTargetDependency */,
			);
			name = "SimpleTimer-SwiftUIUITests";
			productName = "SimpleTimer-SwiftUIUITests";
			productReference = A6249AEE2426ADC000480D69 /* SimpleTimer-SwiftUIUITests.xctest */;
			productType = "com.apple.product-type.bundle.ui-testing";
		};
/* End PBXNativeTarget section */

/* Begin PBXProject section */
		A6249AC52426ADBE00480D69 /* Project object */ = {
			isa = PBXProject;
			attributes = {
				LastSwiftUpdateCheck = 1130;
				LastUpgradeCheck = 1130;
				ORGANIZATIONNAME = Nvt;
				TargetAttributes = {
					A6249ACC2426ADBE00480D69 = {
						CreatedOnToolsVersion = 11.3.1;
					};
					A6249AE22426ADC000480D69 = {
						CreatedOnToolsVersion = 11.3.1;
						TestTargetID = A6249ACC2426ADBE00480D69;
					};
					A6249AED2426ADC000480D69 = {
						CreatedOnToolsVersion = 11.3.1;
						TestTargetID = A6249ACC2426ADBE00480D69;
					};
				};
			};
			buildConfigurationList = A6249AC82426ADBE00480D69 /* Build configuration list for PBXProject "SimpleTimer-SwiftUI" */;
			compatibilityVersion = "Xcode 9.3";
			developmentRegion = en;
			hasScannedForEncodings = 0;
			knownRegions = (
				en,
				Base,
			);
			mainGroup = A6249AC42426ADBE00480D69;
			productRefGroup = A6249ACE2426ADBE00480D69 /* Products */;
			projectDirPath = "";
			projectRoot = "";
			targets = (
				A6249ACC2426ADBE00480D69 /* SimpleTimer-SwiftUI */,
				A6249AE22426ADC000480D69 /* SimpleTimer-SwiftUITests */,
				A6249AED2426ADC000480D69 /* SimpleTimer-SwiftUIUITests */,
			);
		};
/* End PBXProject section */

/* Begin PBXResourcesBuildPhase section */
		A6249ACB2426ADBE00480D69 /* Resources */ = {
			isa = PBXResourcesBuildPhase;
			buildActionMask = 2147483647;
			files = (
				A6249ADD2426ADC000480D69 /* LaunchScreen.storyboard in Resources */,
				A6249ADA2426ADC000480D69 /* Preview Assets.xcassets in Resources */,
				A6249AD72426ADC000480D69 /* Assets.xcassets in Resources */,
			);
			runOnlyForDeploymentPostprocessing = 0;
		};
		A6249AE12426ADC000480D69 /* Resources */ = {
			isa = PBXResourcesBuildPhase;
			buildActionMask = 2147483647;
			files = (
			);
			runOnlyForDeploymentPostprocessing = 0;
		};
		A6249AEC2426ADC000480D69 /* Resources */ = {
			isa = PBXResourcesBuildPhase;
			buildActionMask = 2147483647;
			files = (
			);
			runOnlyForDeploymentPostprocessing = 0;
		};
/* End PBXResourcesBuildPhase section */

/* Begin PBXShellScriptBuildPhase section */
		00FCE0E80D45FE80A4B56150 /* [CP] Check Pods Manifest.lock */ = {
			isa = PBXShellScriptBuildPhase;
			buildActionMask = 2147483647;
			files = (
			);
			inputFileListPaths = (
			);
			inputPaths = (
				"${PODS_PODFILE_DIR_PATH}/Podfile.lock",
				"${PODS_ROOT}/Manifest.lock",
			);
			name = "[CP] Check Pods Manifest.lock";
			outputFileListPaths = (
			);
			outputPaths = (
				"$(DERIVED_FILE_DIR)/Pods-SimpleTimer-SwiftUITests-checkManifestLockResult.txt",
			);
			runOnlyForDeploymentPostprocessing = 0;
			shellPath = /bin/sh;
			shellScript = "diff \"${PODS_PODFILE_DIR_PATH}/Podfile.lock\" \"${PODS_ROOT}/Manifest.lock\" > /dev/null\nif [ $? != 0 ] ; then\n    # print error to STDERR\n    echo \"error: The sandbox is not in sync with the Podfile.lock. Run 'pod install' or update your CocoaPods installation.\" >&2\n    exit 1\nfi\n# This output is used by Xcode 'outputs' to avoid re-running this script phase.\necho \"SUCCESS\" > \"${SCRIPT_OUTPUT_FILE_0}\"\n";
			showEnvVarsInLog = 0;
		};
		01F6BA486CB022CFECB6905A /* [CP] Embed Pods Frameworks */ = {
			isa = PBXShellScriptBuildPhase;
			buildActionMask = 2147483647;
			files = (
			);
			inputFileListPaths = (
				"${PODS_ROOT}/Target Support Files/Pods-SimpleTimer-SwiftUI/Pods-SimpleTimer-SwiftUI-frameworks-${CONFIGURATION}-input-files.xcfilelist",
			);
			name = "[CP] Embed Pods Frameworks";
			outputFileListPaths = (
				"${PODS_ROOT}/Target Support Files/Pods-SimpleTimer-SwiftUI/Pods-SimpleTimer-SwiftUI-frameworks-${CONFIGURATION}-output-files.xcfilelist",
			);
			runOnlyForDeploymentPostprocessing = 0;
			shellPath = /bin/sh;
			shellScript = "\"${PODS_ROOT}/Target Support Files/Pods-SimpleTimer-SwiftUI/Pods-SimpleTimer-SwiftUI-frameworks.sh\"\n";
			showEnvVarsInLog = 0;
		};
		2C7ACBBB176776A40708AE10 /* [CP] Check Pods Manifest.lock */ = {
			isa = PBXShellScriptBuildPhase;
			buildActionMask = 2147483647;
			files = (
			);
			inputFileListPaths = (
			);
			inputPaths = (
				"${PODS_PODFILE_DIR_PATH}/Podfile.lock",
				"${PODS_ROOT}/Manifest.lock",
			);
			name = "[CP] Check Pods Manifest.lock";
			outputFileListPaths = (
			);
			outputPaths = (
				"$(DERIVED_FILE_DIR)/Pods-SimpleTimer-SwiftUI-SimpleTimer-SwiftUIUITests-checkManifestLockResult.txt",
			);
			runOnlyForDeploymentPostprocessing = 0;
			shellPath = /bin/sh;
			shellScript = "diff \"${PODS_PODFILE_DIR_PATH}/Podfile.lock\" \"${PODS_ROOT}/Manifest.lock\" > /dev/null\nif [ $? != 0 ] ; then\n    # print error to STDERR\n    echo \"error: The sandbox is not in sync with the Podfile.lock. Run 'pod install' or update your CocoaPods installation.\" >&2\n    exit 1\nfi\n# This output is used by Xcode 'outputs' to avoid re-running this script phase.\necho \"SUCCESS\" > \"${SCRIPT_OUTPUT_FILE_0}\"\n";
			showEnvVarsInLog = 0;
		};
		85ED91102AEFC8EDBBEEA4C8 /* [CP] Check Pods Manifest.lock */ = {
			isa = PBXShellScriptBuildPhase;
			buildActionMask = 2147483647;
			files = (
			);
			inputFileListPaths = (
			);
			inputPaths = (
				"${PODS_PODFILE_DIR_PATH}/Podfile.lock",
				"${PODS_ROOT}/Manifest.lock",
			);
			name = "[CP] Check Pods Manifest.lock";
			outputFileListPaths = (
			);
			outputPaths = (
				"$(DERIVED_FILE_DIR)/Pods-SimpleTimer-SwiftUI-checkManifestLockResult.txt",
			);
			runOnlyForDeploymentPostprocessing = 0;
			shellPath = /bin/sh;
			shellScript = "diff \"${PODS_PODFILE_DIR_PATH}/Podfile.lock\" \"${PODS_ROOT}/Manifest.lock\" > /dev/null\nif [ $? != 0 ] ; then\n    # print error to STDERR\n    echo \"error: The sandbox is not in sync with the Podfile.lock. Run 'pod install' or update your CocoaPods installation.\" >&2\n    exit 1\nfi\n# This output is used by Xcode 'outputs' to avoid re-running this script phase.\necho \"SUCCESS\" > \"${SCRIPT_OUTPUT_FILE_0}\"\n";
			showEnvVarsInLog = 0;
		};
		D151C1841E0405F60E55F1FC /* [CP] Embed Pods Frameworks */ = {
			isa = PBXShellScriptBuildPhase;
			buildActionMask = 2147483647;
			files = (
			);
			inputFileListPaths = (
				"${PODS_ROOT}/Target Support Files/Pods-SimpleTimer-SwiftUI-SimpleTimer-SwiftUIUITests/Pods-SimpleTimer-SwiftUI-SimpleTimer-SwiftUIUITests-frameworks-${CONFIGURATION}-input-files.xcfilelist",
			);
			name = "[CP] Embed Pods Frameworks";
			outputFileListPaths = (
				"${PODS_ROOT}/Target Support Files/Pods-SimpleTimer-SwiftUI-SimpleTimer-SwiftUIUITests/Pods-SimpleTimer-SwiftUI-SimpleTimer-SwiftUIUITests-frameworks-${CONFIGURATION}-output-files.xcfilelist",
			);
			runOnlyForDeploymentPostprocessing = 0;
			shellPath = /bin/sh;
			shellScript = "\"${PODS_ROOT}/Target Support Files/Pods-SimpleTimer-SwiftUI-SimpleTimer-SwiftUIUITests/Pods-SimpleTimer-SwiftUI-SimpleTimer-SwiftUIUITests-frameworks.sh\"\n";
			showEnvVarsInLog = 0;
		};
/* End PBXShellScriptBuildPhase section */

/* Begin PBXSourcesBuildPhase section */
		A6249AC92426ADBE00480D69 /* Sources */ = {
			isa = PBXSourcesBuildPhase;
			buildActionMask = 2147483647;
			files = (
				A6F2D17F2426D60200DAE219 /* ColumnText.swift in Sources */,
				A6F2D1762426BE5100DAE219 /* TimerViewModel.swift in Sources */,
				A6F2D1822426D84500DAE219 /* SetTimeView.swift in Sources */,
				A6249AD12426ADBE00480D69 /* AppDelegate.swift in Sources */,
				A6F2D17D2426D5F300DAE219 /* TimerText.swift in Sources */,
				A6E8CC41242826C10068D6F4 /* Multipicker.swift in Sources */,
				A615C12E242AC5F400CD1228 /* SetTimeViewModel.swift in Sources */,
				A6249AD32426ADBE00480D69 /* SceneDelegate.swift in Sources */,
				A668DBB1242C1A61006942CC /* TimerInteractor.swift in Sources */,
				A63AD184242C1CA000B8A3DD /* TimerRepository.swift in Sources */,
				A6F2D1782426C7B300DAE219 /* TimerPresenter.swift in Sources */,
				A615C130242AC76A00CD1228 /* ContainerBuilder.swift in Sources */,
				A6249AD52426ADBE00480D69 /* TimerView.swift in Sources */,
			);
			runOnlyForDeploymentPostprocessing = 0;
		};
		A6249ADF2426ADC000480D69 /* Sources */ = {
			isa = PBXSourcesBuildPhase;
			buildActionMask = 2147483647;
			files = (
				A6249AE82426ADC000480D69 /* SimpleTimer_SwiftUITests.swift in Sources */,
			);
			runOnlyForDeploymentPostprocessing = 0;
		};
		A6249AEA2426ADC000480D69 /* Sources */ = {
			isa = PBXSourcesBuildPhase;
			buildActionMask = 2147483647;
			files = (
				A6249AF32426ADC000480D69 /* SimpleTimer_SwiftUIUITests.swift in Sources */,
			);
			runOnlyForDeploymentPostprocessing = 0;
		};
/* End PBXSourcesBuildPhase section */

/* Begin PBXTargetDependency section */
		A6249AE52426ADC000480D69 /* PBXTargetDependency */ = {
			isa = PBXTargetDependency;
			target = A6249ACC2426ADBE00480D69 /* SimpleTimer-SwiftUI */;
			targetProxy = A6249AE42426ADC000480D69 /* PBXContainerItemProxy */;
		};
		A6249AF02426ADC000480D69 /* PBXTargetDependency */ = {
			isa = PBXTargetDependency;
			target = A6249ACC2426ADBE00480D69 /* SimpleTimer-SwiftUI */;
			targetProxy = A6249AEF2426ADC000480D69 /* PBXContainerItemProxy */;
		};
/* End PBXTargetDependency section */

/* Begin PBXVariantGroup section */
		A6249ADB2426ADC000480D69 /* LaunchScreen.storyboard */ = {
			isa = PBXVariantGroup;
			children = (
				A6249ADC2426ADC000480D69 /* Base */,
			);
			name = LaunchScreen.storyboard;
			sourceTree = "<group>";
		};
/* End PBXVariantGroup section */

/* Begin XCBuildConfiguration section */
		A6249AF52426ADC000480D69 /* Debug */ = {
			isa = XCBuildConfiguration;
			buildSettings = {
				ALWAYS_SEARCH_USER_PATHS = NO;
				CLANG_ANALYZER_NONNULL = YES;
				CLANG_ANALYZER_NUMBER_OBJECT_CONVERSION = YES_AGGRESSIVE;
				CLANG_CXX_LANGUAGE_STANDARD = "gnu++14";
				CLANG_CXX_LIBRARY = "libc++";
				CLANG_ENABLE_MODULES = YES;
				CLANG_ENABLE_OBJC_ARC = YES;
				CLANG_ENABLE_OBJC_WEAK = YES;
				CLANG_WARN_BLOCK_CAPTURE_AUTORELEASING = YES;
				CLANG_WARN_BOOL_CONVERSION = YES;
				CLANG_WARN_COMMA = YES;
				CLANG_WARN_CONSTANT_CONVERSION = YES;
				CLANG_WARN_DEPRECATED_OBJC_IMPLEMENTATIONS = YES;
				CLANG_WARN_DIRECT_OBJC_ISA_USAGE = YES_ERROR;
				CLANG_WARN_DOCUMENTATION_COMMENTS = YES;
				CLANG_WARN_EMPTY_BODY = YES;
				CLANG_WARN_ENUM_CONVERSION = YES;
				CLANG_WARN_INFINITE_RECURSION = YES;
				CLANG_WARN_INT_CONVERSION = YES;
				CLANG_WARN_NON_LITERAL_NULL_CONVERSION = YES;
				CLANG_WARN_OBJC_IMPLICIT_RETAIN_SELF = YES;
				CLANG_WARN_OBJC_LITERAL_CONVERSION = YES;
				CLANG_WARN_OBJC_ROOT_CLASS = YES_ERROR;
				CLANG_WARN_RANGE_LOOP_ANALYSIS = YES;
				CLANG_WARN_STRICT_PROTOTYPES = YES;
				CLANG_WARN_SUSPICIOUS_MOVE = YES;
				CLANG_WARN_UNGUARDED_AVAILABILITY = YES_AGGRESSIVE;
				CLANG_WARN_UNREACHABLE_CODE = YES;
				CLANG_WARN__DUPLICATE_METHOD_MATCH = YES;
				COPY_PHASE_STRIP = NO;
				DEBUG_INFORMATION_FORMAT = dwarf;
				ENABLE_STRICT_OBJC_MSGSEND = YES;
				ENABLE_TESTABILITY = YES;
				GCC_C_LANGUAGE_STANDARD = gnu11;
				GCC_DYNAMIC_NO_PIC = NO;
				GCC_NO_COMMON_BLOCKS = YES;
				GCC_OPTIMIZATION_LEVEL = 0;
				GCC_PREPROCESSOR_DEFINITIONS = (
					"DEBUG=1",
					"$(inherited)",
				);
				GCC_WARN_64_TO_32_BIT_CONVERSION = YES;
				GCC_WARN_ABOUT_RETURN_TYPE = YES_ERROR;
				GCC_WARN_UNDECLARED_SELECTOR = YES;
				GCC_WARN_UNINITIALIZED_AUTOS = YES_AGGRESSIVE;
				GCC_WARN_UNUSED_FUNCTION = YES;
				GCC_WARN_UNUSED_VARIABLE = YES;
				IPHONEOS_DEPLOYMENT_TARGET = 13.2;
				MTL_ENABLE_DEBUG_INFO = INCLUDE_SOURCE;
				MTL_FAST_MATH = YES;
				ONLY_ACTIVE_ARCH = YES;
				SDKROOT = iphoneos;
				SWIFT_ACTIVE_COMPILATION_CONDITIONS = DEBUG;
				SWIFT_OPTIMIZATION_LEVEL = "-Onone";
			};
			name = Debug;
		};
		A6249AF62426ADC000480D69 /* Release */ = {
			isa = XCBuildConfiguration;
			buildSettings = {
				ALWAYS_SEARCH_USER_PATHS = NO;
				CLANG_ANALYZER_NONNULL = YES;
				CLANG_ANALYZER_NUMBER_OBJECT_CONVERSION = YES_AGGRESSIVE;
				CLANG_CXX_LANGUAGE_STANDARD = "gnu++14";
				CLANG_CXX_LIBRARY = "libc++";
				CLANG_ENABLE_MODULES = YES;
				CLANG_ENABLE_OBJC_ARC = YES;
				CLANG_ENABLE_OBJC_WEAK = YES;
				CLANG_WARN_BLOCK_CAPTURE_AUTORELEASING = YES;
				CLANG_WARN_BOOL_CONVERSION = YES;
				CLANG_WARN_COMMA = YES;
				CLANG_WARN_CONSTANT_CONVERSION = YES;
				CLANG_WARN_DEPRECATED_OBJC_IMPLEMENTATIONS = YES;
				CLANG_WARN_DIRECT_OBJC_ISA_USAGE = YES_ERROR;
				CLANG_WARN_DOCUMENTATION_COMMENTS = YES;
				CLANG_WARN_EMPTY_BODY = YES;
				CLANG_WARN_ENUM_CONVERSION = YES;
				CLANG_WARN_INFINITE_RECURSION = YES;
				CLANG_WARN_INT_CONVERSION = YES;
				CLANG_WARN_NON_LITERAL_NULL_CONVERSION = YES;
				CLANG_WARN_OBJC_IMPLICIT_RETAIN_SELF = YES;
				CLANG_WARN_OBJC_LITERAL_CONVERSION = YES;
				CLANG_WARN_OBJC_ROOT_CLASS = YES_ERROR;
				CLANG_WARN_RANGE_LOOP_ANALYSIS = YES;
				CLANG_WARN_STRICT_PROTOTYPES = YES;
				CLANG_WARN_SUSPICIOUS_MOVE = YES;
				CLANG_WARN_UNGUARDED_AVAILABILITY = YES_AGGRESSIVE;
				CLANG_WARN_UNREACHABLE_CODE = YES;
				CLANG_WARN__DUPLICATE_METHOD_MATCH = YES;
				COPY_PHASE_STRIP = NO;
				DEBUG_INFORMATION_FORMAT = "dwarf-with-dsym";
				ENABLE_NS_ASSERTIONS = NO;
				ENABLE_STRICT_OBJC_MSGSEND = YES;
				GCC_C_LANGUAGE_STANDARD = gnu11;
				GCC_NO_COMMON_BLOCKS = YES;
				GCC_WARN_64_TO_32_BIT_CONVERSION = YES;
				GCC_WARN_ABOUT_RETURN_TYPE = YES_ERROR;
				GCC_WARN_UNDECLARED_SELECTOR = YES;
				GCC_WARN_UNINITIALIZED_AUTOS = YES_AGGRESSIVE;
				GCC_WARN_UNUSED_FUNCTION = YES;
				GCC_WARN_UNUSED_VARIABLE = YES;
				IPHONEOS_DEPLOYMENT_TARGET = 13.2;
				MTL_ENABLE_DEBUG_INFO = NO;
				MTL_FAST_MATH = YES;
				SDKROOT = iphoneos;
				SWIFT_COMPILATION_MODE = wholemodule;
				SWIFT_OPTIMIZATION_LEVEL = "-O";
				VALIDATE_PRODUCT = YES;
			};
			name = Release;
		};
		A6249AF82426ADC000480D69 /* Debug */ = {
			isa = XCBuildConfiguration;
			baseConfigurationReference = 126531C75768656711AEBB0E /* Pods-SimpleTimer-SwiftUI.debug.xcconfig */;
			buildSettings = {
				ASSETCATALOG_COMPILER_APPICON_NAME = AppIcon;
				CODE_SIGN_STYLE = Automatic;
				DEVELOPMENT_ASSET_PATHS = "\"SimpleTimer-SwiftUI/SupportFiles/Preview Content\"";
				DEVELOPMENT_TEAM = TCU8TLU3RG;
				ENABLE_PREVIEWS = YES;
				INFOPLIST_FILE = "SimpleTimer-SwiftUI/SupportFiles/Info.plist";
				IPHONEOS_DEPLOYMENT_TARGET = 13.0;
				LD_RUNPATH_SEARCH_PATHS = (
					"$(inherited)",
					"@executable_path/Frameworks",
				);
				PRODUCT_BUNDLE_IDENTIFIER = "com.nvt.SimpleTimer-SwiftUI";
				PRODUCT_NAME = "$(TARGET_NAME)";
				SWIFT_VERSION = 5.0;
				TARGETED_DEVICE_FAMILY = "1,2";
			};
			name = Debug;
		};
		A6249AF92426ADC000480D69 /* Release */ = {
			isa = XCBuildConfiguration;
			baseConfigurationReference = 62EBA1296E2D2A0F9D2EA632 /* Pods-SimpleTimer-SwiftUI.release.xcconfig */;
			buildSettings = {
				ASSETCATALOG_COMPILER_APPICON_NAME = AppIcon;
				CODE_SIGN_STYLE = Automatic;
				DEVELOPMENT_ASSET_PATHS = "\"SimpleTimer-SwiftUI/SupportFiles/Preview Content\"";
				DEVELOPMENT_TEAM = TCU8TLU3RG;
				ENABLE_PREVIEWS = YES;
				INFOPLIST_FILE = "SimpleTimer-SwiftUI/SupportFiles/Info.plist";
				IPHONEOS_DEPLOYMENT_TARGET = 13.0;
				LD_RUNPATH_SEARCH_PATHS = (
					"$(inherited)",
					"@executable_path/Frameworks",
				);
				PRODUCT_BUNDLE_IDENTIFIER = "com.nvt.SimpleTimer-SwiftUI";
				PRODUCT_NAME = "$(TARGET_NAME)";
				SWIFT_VERSION = 5.0;
				TARGETED_DEVICE_FAMILY = "1,2";
			};
			name = Release;
		};
		A6249AFB2426ADC000480D69 /* Debug */ = {
			isa = XCBuildConfiguration;
			baseConfigurationReference = 115F68D91B9B1B540405CCB3 /* Pods-SimpleTimer-SwiftUITests.debug.xcconfig */;
			buildSettings = {
				ALWAYS_EMBED_SWIFT_STANDARD_LIBRARIES = YES;
				BUNDLE_LOADER = "$(TEST_HOST)";
				CODE_SIGN_STYLE = Automatic;
				DEVELOPMENT_TEAM = TCU8TLU3RG;
				INFOPLIST_FILE = "SimpleTimer-SwiftUITests/Info.plist";
				IPHONEOS_DEPLOYMENT_TARGET = 13.2;
				LD_RUNPATH_SEARCH_PATHS = (
					"$(inherited)",
					"@executable_path/Frameworks",
					"@loader_path/Frameworks",
				);
				PRODUCT_BUNDLE_IDENTIFIER = "com.nvt.SimpleTimer-SwiftUITests";
				PRODUCT_NAME = "$(TARGET_NAME)";
				SWIFT_VERSION = 5.0;
				TARGETED_DEVICE_FAMILY = "1,2";
				TEST_HOST = "$(BUILT_PRODUCTS_DIR)/SimpleTimer-SwiftUI.app/SimpleTimer-SwiftUI";
			};
			name = Debug;
		};
		A6249AFC2426ADC000480D69 /* Release */ = {
			isa = XCBuildConfiguration;
			baseConfigurationReference = 9FFA35A22B181C75B7460BB1 /* Pods-SimpleTimer-SwiftUITests.release.xcconfig */;
			buildSettings = {
				ALWAYS_EMBED_SWIFT_STANDARD_LIBRARIES = YES;
				BUNDLE_LOADER = "$(TEST_HOST)";
				CODE_SIGN_STYLE = Automatic;
				DEVELOPMENT_TEAM = TCU8TLU3RG;
				INFOPLIST_FILE = "SimpleTimer-SwiftUITests/Info.plist";
				IPHONEOS_DEPLOYMENT_TARGET = 13.2;
				LD_RUNPATH_SEARCH_PATHS = (
					"$(inherited)",
					"@executable_path/Frameworks",
					"@loader_path/Frameworks",
				);
				PRODUCT_BUNDLE_IDENTIFIER = "com.nvt.SimpleTimer-SwiftUITests";
				PRODUCT_NAME = "$(TARGET_NAME)";
				SWIFT_VERSION = 5.0;
				TARGETED_DEVICE_FAMILY = "1,2";
				TEST_HOST = "$(BUILT_PRODUCTS_DIR)/SimpleTimer-SwiftUI.app/SimpleTimer-SwiftUI";
			};
			name = Release;
		};
		A6249AFE2426ADC000480D69 /* Debug */ = {
			isa = XCBuildConfiguration;
			baseConfigurationReference = A0AF228D1BF474EA79A8774F /* Pods-SimpleTimer-SwiftUI-SimpleTimer-SwiftUIUITests.debug.xcconfig */;
			buildSettings = {
				ALWAYS_EMBED_SWIFT_STANDARD_LIBRARIES = YES;
				CODE_SIGN_STYLE = Automatic;
				DEVELOPMENT_TEAM = TCU8TLU3RG;
				INFOPLIST_FILE = "SimpleTimer-SwiftUIUITests/Info.plist";
				LD_RUNPATH_SEARCH_PATHS = (
					"$(inherited)",
					"@executable_path/Frameworks",
					"@loader_path/Frameworks",
				);
				PRODUCT_BUNDLE_IDENTIFIER = "com.nvt.SimpleTimer-SwiftUIUITests";
				PRODUCT_NAME = "$(TARGET_NAME)";
				SWIFT_VERSION = 5.0;
				TARGETED_DEVICE_FAMILY = "1,2";
				TEST_TARGET_NAME = "SimpleTimer-SwiftUI";
			};
			name = Debug;
		};
		A6249AFF2426ADC000480D69 /* Release */ = {
			isa = XCBuildConfiguration;
			baseConfigurationReference = 572DDEA25D21E9F5E1E503D9 /* Pods-SimpleTimer-SwiftUI-SimpleTimer-SwiftUIUITests.release.xcconfig */;
			buildSettings = {
				ALWAYS_EMBED_SWIFT_STANDARD_LIBRARIES = YES;
				CODE_SIGN_STYLE = Automatic;
				DEVELOPMENT_TEAM = TCU8TLU3RG;
				INFOPLIST_FILE = "SimpleTimer-SwiftUIUITests/Info.plist";
				LD_RUNPATH_SEARCH_PATHS = (
					"$(inherited)",
					"@executable_path/Frameworks",
					"@loader_path/Frameworks",
				);
				PRODUCT_BUNDLE_IDENTIFIER = "com.nvt.SimpleTimer-SwiftUIUITests";
				PRODUCT_NAME = "$(TARGET_NAME)";
				SWIFT_VERSION = 5.0;
				TARGETED_DEVICE_FAMILY = "1,2";
				TEST_TARGET_NAME = "SimpleTimer-SwiftUI";
			};
			name = Release;
		};
/* End XCBuildConfiguration section */

/* Begin XCConfigurationList section */
		A6249AC82426ADBE00480D69 /* Build configuration list for PBXProject "SimpleTimer-SwiftUI" */ = {
			isa = XCConfigurationList;
			buildConfigurations = (
				A6249AF52426ADC000480D69 /* Debug */,
				A6249AF62426ADC000480D69 /* Release */,
			);
			defaultConfigurationIsVisible = 0;
			defaultConfigurationName = Release;
		};
		A6249AF72426ADC000480D69 /* Build configuration list for PBXNativeTarget "SimpleTimer-SwiftUI" */ = {
			isa = XCConfigurationList;
			buildConfigurations = (
				A6249AF82426ADC000480D69 /* Debug */,
				A6249AF92426ADC000480D69 /* Release */,
			);
			defaultConfigurationIsVisible = 0;
			defaultConfigurationName = Release;
		};
		A6249AFA2426ADC000480D69 /* Build configuration list for PBXNativeTarget "SimpleTimer-SwiftUITests" */ = {
			isa = XCConfigurationList;
			buildConfigurations = (
				A6249AFB2426ADC000480D69 /* Debug */,
				A6249AFC2426ADC000480D69 /* Release */,
			);
			defaultConfigurationIsVisible = 0;
			defaultConfigurationName = Release;
		};
		A6249AFD2426ADC000480D69 /* Build configuration list for PBXNativeTarget "SimpleTimer-SwiftUIUITests" */ = {
			isa = XCConfigurationList;
			buildConfigurations = (
				A6249AFE2426ADC000480D69 /* Debug */,
				A6249AFF2426ADC000480D69 /* Release */,
			);
			defaultConfigurationIsVisible = 0;
			defaultConfigurationName = Release;
		};
/* End XCConfigurationList section */
	};
	rootObject = A6249AC52426ADBE00480D69 /* Project object */;
}
